// !$*UTF8*$!
{
	archiveVersion = 1;
	classes = {
	};
	objectVersion = 50;
	objects = {

/* Begin PBXBuildFile section */
		1A57777F244672EC00F38BFA /* AppDelegate.swift in Sources */ = {isa = PBXBuildFile; fileRef = 1A57777E244672EC00F38BFA /* AppDelegate.swift */; };
		1A577781244672EC00F38BFA /* SceneDelegate.swift in Sources */ = {isa = PBXBuildFile; fileRef = 1A577780244672EC00F38BFA /* SceneDelegate.swift */; };
		1A577783244672EC00F38BFA /* ViewController.swift in Sources */ = {isa = PBXBuildFile; fileRef = 1A577782244672EC00F38BFA /* ViewController.swift */; };
		1A577786244672EC00F38BFA /* Main.storyboard in Resources */ = {isa = PBXBuildFile; fileRef = 1A577784244672EC00F38BFA /* Main.storyboard */; };
		1A577788244672EE00F38BFA /* Assets.xcassets in Resources */ = {isa = PBXBuildFile; fileRef = 1A577787244672EE00F38BFA /* Assets.xcassets */; };
		1A57778B244672EE00F38BFA /* LaunchScreen.storyboard in Resources */ = {isa = PBXBuildFile; fileRef = 1A577789244672EE00F38BFA /* LaunchScreen.storyboard */; };
		1A5777942446731F00F38BFA /* Accelerate.framework in Frameworks */ = {isa = PBXBuildFile; fileRef = 1A5777932446731F00F38BFA /* Accelerate.framework */; };
		1A5777962446732F00F38BFA /* libsnowboy-detect.a in Frameworks */ = {isa = PBXBuildFile; fileRef = 1A5777952446732F00F38BFA /* libsnowboy-detect.a */; };
		1A5777A42446759A00F38BFA /* SnowboyWrapper.mm in Sources */ = {isa = PBXBuildFile; fileRef = 1A5777A22446759A00F38BFA /* SnowboyWrapper.mm */; };
		1A5777B524468DBD00F38BFA /* common.res in Resources */ = {isa = PBXBuildFile; fileRef = 1A5777B424468DBD00F38BFA /* common.res */; };
		1A5777B724468E0200F38BFA /* alexa_02092017.umdl in Resources */ = {isa = PBXBuildFile; fileRef = 1A5777B624468E0200F38BFA /* alexa_02092017.umdl */; };
/* End PBXBuildFile section */

/* Begin PBXFileReference section */
		1A57777B244672EC00F38BFA /* Snowboy.app */ = {isa = PBXFileReference; explicitFileType = wrapper.application; includeInIndex = 0; path = Snowboy.app; sourceTree = BUILT_PRODUCTS_DIR; };
		1A57777E244672EC00F38BFA /* AppDelegate.swift */ = {isa = PBXFileReference; lastKnownFileType = sourcecode.swift; path = AppDelegate.swift; sourceTree = "<group>"; };
		1A577780244672EC00F38BFA /* SceneDelegate.swift */ = {isa = PBXFileReference; lastKnownFileType = sourcecode.swift; path = SceneDelegate.swift; sourceTree = "<group>"; };
		1A577782244672EC00F38BFA /* ViewController.swift */ = {isa = PBXFileReference; lastKnownFileType = sourcecode.swift; path = ViewController.swift; sourceTree = "<group>"; };
		1A577785244672EC00F38BFA /* Base */ = {isa = PBXFileReference; lastKnownFileType = file.storyboard; name = Base; path = Base.lproj/Main.storyboard; sourceTree = "<group>"; };
		1A577787244672EE00F38BFA /* Assets.xcassets */ = {isa = PBXFileReference; lastKnownFileType = folder.assetcatalog; path = Assets.xcassets; sourceTree = "<group>"; };
		1A57778A244672EE00F38BFA /* Base */ = {isa = PBXFileReference; lastKnownFileType = file.storyboard; name = Base; path = Base.lproj/LaunchScreen.storyboard; sourceTree = "<group>"; };
		1A57778C244672EE00F38BFA /* Info.plist */ = {isa = PBXFileReference; lastKnownFileType = text.plist.xml; path = Info.plist; sourceTree = "<group>"; };
		1A5777932446731F00F38BFA /* Accelerate.framework */ = {isa = PBXFileReference; lastKnownFileType = wrapper.framework; name = Accelerate.framework; path = System/Library/Frameworks/Accelerate.framework; sourceTree = SDKROOT; };
		1A5777952446732F00F38BFA /* libsnowboy-detect.a */ = {isa = PBXFileReference; lastKnownFileType = archive.ar; name = "libsnowboy-detect.a"; path = "../../Downloads/snowboy-master/lib/ios/libsnowboy-detect.a"; sourceTree = "<group>"; };
		1A577798244673A500F38BFA /* Snowboy-Bridging-Header.h */ = {isa = PBXFileReference; lastKnownFileType = sourcecode.c.h; path = "Snowboy-Bridging-Header.h"; sourceTree = "<group>"; };
		1A5777A22446759A00F38BFA /* SnowboyWrapper.mm */ = {isa = PBXFileReference; fileEncoding = 4; lastKnownFileType = sourcecode.cpp.objcpp; path = SnowboyWrapper.mm; sourceTree = "<group>"; };
		1A5777A32446759A00F38BFA /* SnowboyWrapper.h */ = {isa = PBXFileReference; fileEncoding = 4; lastKnownFileType = sourcecode.c.h; path = SnowboyWrapper.h; sourceTree = "<group>"; };
		1A5777A5244675C100F38BFA /* snowboy-detect.h */ = {isa = PBXFileReference; fileEncoding = 4; lastKnownFileType = sourcecode.c.h; path = "snowboy-detect.h"; sourceTree = "<group>"; };
		1A5777B424468DBD00F38BFA /* common.res */ = {isa = PBXFileReference; lastKnownFileType = file; path = common.res; sourceTree = "<group>"; };
		1A5777B624468E0200F38BFA /* alexa_02092017.umdl */ = {isa = PBXFileReference; lastKnownFileType = file; path = alexa_02092017.umdl; sourceTree = "<group>"; };
/* End PBXFileReference section */

/* Begin PBXFrameworksBuildPhase section */
		1A577778244672EC00F38BFA /* Frameworks */ = {
			isa = PBXFrameworksBuildPhase;
			buildActionMask = 2147483647;
			files = (
				1A5777962446732F00F38BFA /* libsnowboy-detect.a in Frameworks */,
				1A5777942446731F00F38BFA /* Accelerate.framework in Frameworks */,
			);
			runOnlyForDeploymentPostprocessing = 0;
		};
/* End PBXFrameworksBuildPhase section */

/* Begin PBXGroup section */
		1A577772244672EC00F38BFA = {
			isa = PBXGroup;
			children = (
				1A57777D244672EC00F38BFA /* Snowboy */,
				1A57777C244672EC00F38BFA /* Products */,
				1A5777922446731F00F38BFA /* Frameworks */,
			);
			sourceTree = "<group>";
		};
		1A57777C244672EC00F38BFA /* Products */ = {
			isa = PBXGroup;
			children = (
				1A57777B244672EC00F38BFA /* Snowboy.app */,
			);
			name = Products;
			sourceTree = "<group>";
		};
		1A57777D244672EC00F38BFA /* Snowboy */ = {
			isa = PBXGroup;
			children = (
				1A5777B624468E0200F38BFA /* alexa_02092017.umdl */,
				1A5777B424468DBD00F38BFA /* common.res */,
				1A57777E244672EC00F38BFA /* AppDelegate.swift */,
				1A577798244673A500F38BFA /* Snowboy-Bridging-Header.h */,
				1A577782244672EC00F38BFA /* ViewController.swift */,
				1A5777A5244675C100F38BFA /* snowboy-detect.h */,
				1A577784244672EC00F38BFA /* Main.storyboard */,
				1A577787244672EE00F38BFA /* Assets.xcassets */,
				1A577789244672EE00F38BFA /* LaunchScreen.storyboard */,
				1A57778C244672EE00F38BFA /* Info.plist */,
				1A577780244672EC00F38BFA /* SceneDelegate.swift */,
				1A5777A32446759A00F38BFA /* SnowboyWrapper.h */,
				1A5777A22446759A00F38BFA /* SnowboyWrapper.mm */,
			);
			path = Snowboy;
			sourceTree = "<group>";
		};
		1A5777922446731F00F38BFA /* Frameworks */ = {
			isa = PBXGroup;
			children = (
				1A5777952446732F00F38BFA /* libsnowboy-detect.a */,
				1A5777932446731F00F38BFA /* Accelerate.framework */,
			);
			name = Frameworks;
			sourceTree = "<group>";
		};
/* End PBXGroup section */

/* Begin PBXNativeTarget section */
		1A57777A244672EC00F38BFA /* Snowboy */ = {
			isa = PBXNativeTarget;
			buildConfigurationList = 1A57778F244672EE00F38BFA /* Build configuration list for PBXNativeTarget "Snowboy" */;
			buildPhases = (
				1A577777244672EC00F38BFA /* Sources */,
				1A577778244672EC00F38BFA /* Frameworks */,
				1A577779244672EC00F38BFA /* Resources */,
			);
			buildRules = (
			);
			dependencies = (
			);
			name = Snowboy;
			productName = Snowboy;
			productReference = 1A57777B244672EC00F38BFA /* Snowboy.app */;
			productType = "com.apple.product-type.application";
		};
/* End PBXNativeTarget section */

/* Begin PBXProject section */
		1A577773244672EC00F38BFA /* Project object */ = {
			isa = PBXProject;
			attributes = {
				LastSwiftUpdateCheck = 1120;
				LastUpgradeCheck = 1120;
				ORGANIZATIONNAME = Hendawi;
				TargetAttributes = {
					1A57777A244672EC00F38BFA = {
						CreatedOnToolsVersion = 11.2.1;
						LastSwiftMigration = 1120;
					};
				};
			};
			buildConfigurationList = 1A577776244672EC00F38BFA /* Build configuration list for PBXProject "Snowboy" */;
			compatibilityVersion = "Xcode 9.3";
			developmentRegion = en;
			hasScannedForEncodings = 0;
			knownRegions = (
				en,
				Base,
			);
			mainGroup = 1A577772244672EC00F38BFA;
			productRefGroup = 1A57777C244672EC00F38BFA /* Products */;
			projectDirPath = "";
			projectRoot = "";
			targets = (
				1A57777A244672EC00F38BFA /* Snowboy */,
			);
		};
/* End PBXProject section */

/* Begin PBXResourcesBuildPhase section */
		1A577779244672EC00F38BFA /* Resources */ = {
			isa = PBXResourcesBuildPhase;
			buildActionMask = 2147483647;
			files = (
				1A57778B244672EE00F38BFA /* LaunchScreen.storyboard in Resources */,
				1A5777B724468E0200F38BFA /* alexa_02092017.umdl in Resources */,
				1A577788244672EE00F38BFA /* Assets.xcassets in Resources */,
				1A577786244672EC00F38BFA /* Main.storyboard in Resources */,
				1A5777B524468DBD00F38BFA /* common.res in Resources */,
			);
			runOnlyForDeploymentPostprocessing = 0;
		};
/* End PBXResourcesBuildPhase section */

/* Begin PBXSourcesBuildPhase section */
		1A577777244672EC00F38BFA /* Sources */ = {
			isa = PBXSourcesBuildPhase;
			buildActionMask = 2147483647;
			files = (
				1A577783244672EC00F38BFA /* ViewController.swift in Sources */,
				1A57777F244672EC00F38BFA /* AppDelegate.swift in Sources */,
				1A577781244672EC00F38BFA /* SceneDelegate.swift in Sources */,
				1A5777A42446759A00F38BFA /* SnowboyWrapper.mm in Sources */,
			);
			runOnlyForDeploymentPostprocessing = 0;
		};
/* End PBXSourcesBuildPhase section */

/* Begin PBXVariantGroup section */
		1A577784244672EC00F38BFA /* Main.storyboard */ = {
			isa = PBXVariantGroup;
			children = (
				1A577785244672EC00F38BFA /* Base */,
			);
			name = Main.storyboard;
			sourceTree = "<group>";
		};
		1A577789244672EE00F38BFA /* LaunchScreen.storyboard */ = {
			isa = PBXVariantGroup;
			children = (
				1A57778A244672EE00F38BFA /* Base */,
			);
			name = LaunchScreen.storyboard;
			sourceTree = "<group>";
		};
/* End PBXVariantGroup section */

/* Begin XCBuildConfiguration section */
		1A57778D244672EE00F38BFA /* Debug */ = {
			isa = XCBuildConfiguration;
			buildSettings = {
				ALWAYS_SEARCH_USER_PATHS = NO;
				CLANG_ANALYZER_NONNULL = YES;
				CLANG_ANALYZER_NUMBER_OBJECT_CONVERSION = YES_AGGRESSIVE;
				CLANG_CXX_LANGUAGE_STANDARD = "gnu++14";
				CLANG_CXX_LIBRARY = "libc++";
				CLANG_ENABLE_MODULES = YES;
				CLANG_ENABLE_OBJC_ARC = YES;
				CLANG_ENABLE_OBJC_WEAK = YES;
				CLANG_WARN_BLOCK_CAPTURE_AUTORELEASING = YES;
				CLANG_WARN_BOOL_CONVERSION = YES;
				CLANG_WARN_COMMA = YES;
				CLANG_WARN_CONSTANT_CONVERSION = YES;
				CLANG_WARN_DEPRECATED_OBJC_IMPLEMENTATIONS = YES;
				CLANG_WARN_DIRECT_OBJC_ISA_USAGE = YES_ERROR;
				CLANG_WARN_DOCUMENTATION_COMMENTS = YES;
				CLANG_WARN_EMPTY_BODY = YES;
				CLANG_WARN_ENUM_CONVERSION = YES;
				CLANG_WARN_INFINITE_RECURSION = YES;
				CLANG_WARN_INT_CONVERSION = YES;
				CLANG_WARN_NON_LITERAL_NULL_CONVERSION = YES;
				CLANG_WARN_OBJC_IMPLICIT_RETAIN_SELF = YES;
				CLANG_WARN_OBJC_LITERAL_CONVERSION = YES;
				CLANG_WARN_OBJC_ROOT_CLASS = YES_ERROR;
				CLANG_WARN_RANGE_LOOP_ANALYSIS = YES;
				CLANG_WARN_STRICT_PROTOTYPES = YES;
				CLANG_WARN_SUSPICIOUS_MOVE = YES;
				CLANG_WARN_UNGUARDED_AVAILABILITY = YES_AGGRESSIVE;
				CLANG_WARN_UNREACHABLE_CODE = YES;
				CLANG_WARN__DUPLICATE_METHOD_MATCH = YES;
				COPY_PHASE_STRIP = NO;
				DEBUG_INFORMATION_FORMAT = dwarf;
				ENABLE_STRICT_OBJC_MSGSEND = YES;
				ENABLE_TESTABILITY = YES;
				GCC_C_LANGUAGE_STANDARD = gnu11;
				GCC_DYNAMIC_NO_PIC = NO;
				GCC_NO_COMMON_BLOCKS = YES;
				GCC_OPTIMIZATION_LEVEL = 0;
				GCC_PREPROCESSOR_DEFINITIONS = (
					"DEBUG=1",
					"$(inherited)",
				);
				GCC_WARN_64_TO_32_BIT_CONVERSION = YES;
				GCC_WARN_ABOUT_RETURN_TYPE = YES_ERROR;
				GCC_WARN_UNDECLARED_SELECTOR = YES;
				GCC_WARN_UNINITIALIZED_AUTOS = YES_AGGRESSIVE;
				GCC_WARN_UNUSED_FUNCTION = YES;
				GCC_WARN_UNUSED_VARIABLE = YES;
				IPHONEOS_DEPLOYMENT_TARGET = 13.2;
				MTL_ENABLE_DEBUG_INFO = INCLUDE_SOURCE;
				MTL_FAST_MATH = YES;
				ONLY_ACTIVE_ARCH = YES;
				SDKROOT = iphoneos;
				SWIFT_ACTIVE_COMPILATION_CONDITIONS = DEBUG;
				SWIFT_OPTIMIZATION_LEVEL = "-Onone";
			};
			name = Debug;
		};
		1A57778E244672EE00F38BFA /* Release */ = {
			isa = XCBuildConfiguration;
			buildSettings = {
				ALWAYS_SEARCH_USER_PATHS = NO;
				CLANG_ANALYZER_NONNULL = YES;
				CLANG_ANALYZER_NUMBER_OBJECT_CONVERSION = YES_AGGRESSIVE;
				CLANG_CXX_LANGUAGE_STANDARD = "gnu++14";
				CLANG_CXX_LIBRARY = "libc++";
				CLANG_ENABLE_MODULES = YES;
				CLANG_ENABLE_OBJC_ARC = YES;
				CLANG_ENABLE_OBJC_WEAK = YES;
				CLANG_WARN_BLOCK_CAPTURE_AUTORELEASING = YES;
				CLANG_WARN_BOOL_CONVERSION = YES;
				CLANG_WARN_COMMA = YES;
				CLANG_WARN_CONSTANT_CONVERSION = YES;
				CLANG_WARN_DEPRECATED_OBJC_IMPLEMENTATIONS = YES;
				CLANG_WARN_DIRECT_OBJC_ISA_USAGE = YES_ERROR;
				CLANG_WARN_DOCUMENTATION_COMMENTS = YES;
				CLANG_WARN_EMPTY_BODY = YES;
				CLANG_WARN_ENUM_CONVERSION = YES;
				CLANG_WARN_INFINITE_RECURSION = YES;
				CLANG_WARN_INT_CONVERSION = YES;
				CLANG_WARN_NON_LITERAL_NULL_CONVERSION = YES;
				CLANG_WARN_OBJC_IMPLICIT_RETAIN_SELF = YES;
				CLANG_WARN_OBJC_LITERAL_CONVERSION = YES;
				CLANG_WARN_OBJC_ROOT_CLASS = YES_ERROR;
				CLANG_WARN_RANGE_LOOP_ANALYSIS = YES;
				CLANG_WARN_STRICT_PROTOTYPES = YES;
				CLANG_WARN_SUSPICIOUS_MOVE = YES;
				CLANG_WARN_UNGUARDED_AVAILABILITY = YES_AGGRESSIVE;
				CLANG_WARN_UNREACHABLE_CODE = YES;
				CLANG_WARN__DUPLICATE_METHOD_MATCH = YES;
				COPY_PHASE_STRIP = NO;
				DEBUG_INFORMATION_FORMAT = "dwarf-with-dsym";
				ENABLE_NS_ASSERTIONS = NO;
				ENABLE_STRICT_OBJC_MSGSEND = YES;
				GCC_C_LANGUAGE_STANDARD = gnu11;
				GCC_NO_COMMON_BLOCKS = YES;
				GCC_WARN_64_TO_32_BIT_CONVERSION = YES;
				GCC_WARN_ABOUT_RETURN_TYPE = YES_ERROR;
				GCC_WARN_UNDECLARED_SELECTOR = YES;
				GCC_WARN_UNINITIALIZED_AUTOS = YES_AGGRESSIVE;
				GCC_WARN_UNUSED_FUNCTION = YES;
				GCC_WARN_UNUSED_VARIABLE = YES;
				IPHONEOS_DEPLOYMENT_TARGET = 13.2;
				MTL_ENABLE_DEBUG_INFO = NO;
				MTL_FAST_MATH = YES;
				SDKROOT = iphoneos;
				SWIFT_COMPILATION_MODE = wholemodule;
				SWIFT_OPTIMIZATION_LEVEL = "-O";
				VALIDATE_PRODUCT = YES;
			};
			name = Release;
		};
		1A577790244672EE00F38BFA /* Debug */ = {
			isa = XCBuildConfiguration;
			buildSettings = {
				ASSETCATALOG_COMPILER_APPICON_NAME = AppIcon;
				CLANG_ENABLE_MODULES = YES;
				CODE_SIGN_STYLE = Automatic;
				DEVELOPMENT_TEAM = 8L5UY227ZD;
				FRAMEWORK_SEARCH_PATHS = "$(PROJECT_DIR)";
				HEADER_SEARCH_PATHS = (
					"$(PROJECT_DIR)",
					"$(PROJECT_DIR)/SnowboyTest",
				);
				INFOPLIST_FILE = Snowboy/Info.plist;
				IPHONEOS_DEPLOYMENT_TARGET = 10.0;
				LD_RUNPATH_SEARCH_PATHS = (
					"$(inherited)",
					"@executable_path/Frameworks",
				);
				LIBRARY_SEARCH_PATHS = (
					"$(inherited)",
					"$(PROJECT_DIR)",
					"$(PROJECT_DIR)/lib",
				);
				PRODUCT_BUNDLE_IDENTIFIER = Hendawi.Snowboy;
				PRODUCT_NAME = "$(TARGET_NAME)";
				SWIFT_OBJC_BRIDGING_HEADER = "Snowboy/Snowboy-Bridging-Header.h";
				SWIFT_OPTIMIZATION_LEVEL = "-Onone";
				SWIFT_VERSION = 5.0;
				TARGETED_DEVICE_FAMILY = 1;
				USER_HEADER_SEARCH_PATHS = (
					"$(PROJECT_DIR)",
					"$(PROJECT_DIR)/Snowboy",
				);
			};
			name = Debug;
		};
		1A577791244672EE00F38BFA /* Release */ = {
			isa = XCBuildConfiguration;
			buildSettings = {
				ASSETCATALOG_COMPILER_APPICON_NAME = AppIcon;
				CLANG_ENABLE_MODULES = YES;
				CODE_SIGN_STYLE = Automatic;
				DEVELOPMENT_TEAM = 8L5UY227ZD;
				FRAMEWORK_SEARCH_PATHS = "$(PROJECT_DIR)";
				HEADER_SEARCH_PATHS = (
					"$(PROJECT_DIR)",
					"$(PROJECT_DIR)/SnowboyTest",
				);
				INFOPLIST_FILE = Snowboy/Info.plist;
				IPHONEOS_DEPLOYMENT_TARGET = 10.0;
				LD_RUNPATH_SEARCH_PATHS = (
					"$(inherited)",
					"@executable_path/Frameworks",
				);
				LIBRARY_SEARCH_PATHS = (
					"$(inherited)",
					"$(PROJECT_DIR)",
					"$(PROJECT_DIR)/lib",
				);
				PRODUCT_BUNDLE_IDENTIFIER = Hendawi.Snowboy;
				PRODUCT_NAME = "$(TARGET_NAME)";
				SWIFT_OBJC_BRIDGING_HEADER = "Snowboy/Snowboy-Bridging-Header.h";
				SWIFT_VERSION = 5.0;
				TARGETED_DEVICE_FAMILY = 1;
				USER_HEADER_SEARCH_PATHS = (
					"$(PROJECT_DIR)",
					"$(PROJECT_DIR)/Snowboy",
				);
			};
			name = Release;
		};
/* End XCBuildConfiguration section */

/* Begin XCConfigurationList section */
		1A577776244672EC00F38BFA /* Build configuration list for PBXProject "Snowboy" */ = {
			isa = XCConfigurationList;
			buildConfigurations = (
				1A57778D244672EE00F38BFA /* Debug */,
				1A57778E244672EE00F38BFA /* Release */,
			);
			defaultConfigurationIsVisible = 0;
			defaultConfigurationName = Release;
		};
		1A57778F244672EE00F38BFA /* Build configuration list for PBXNativeTarget "Snowboy" */ = {
			isa = XCConfigurationList;
			buildConfigurations = (
				1A577790244672EE00F38BFA /* Debug */,
				1A577791244672EE00F38BFA /* Release */,
			);
			defaultConfigurationIsVisible = 0;
			defaultConfigurationName = Release;
		};
/* End XCConfigurationList section */
	};
	rootObject = 1A577773244672EC00F38BFA /* Project object */;
}
